
Microsoft Visual Studio Solution File, Format Version 12.00
# Visual Studio Version 17
VisualStudioVersion = 17.2.32505.173
MinimumVisualStudioVersion = 10.0.40219.1
Project("{9A19103F-16F7-4668-BE54-9A1E7A4F7556}") = "SistemaVenta.Entity", "SistemaVenta.Entity\SistemaVenta.Entity.csproj", "{251DB2EA-8BA2-47A0-AFD8-BE29EDEB2C6F}"
EndProject
Project("{9A19103F-16F7-4668-BE54-9A1E7A4F7556}") = "SistemaVenta.DAL", "SistemaVenta.DAL\SistemaVenta.DAL.csproj", "{AC5A8392-5FB5-44C1-B843-C2F59A36DF46}"
EndProject
Project("{9A19103F-16F7-4668-BE54-9A1E7A4F7556}") = "SistemaVenta.BLL", "SistemVenta.BLL\SistemaVenta.BLL.csproj", "{EF65784B-348A-4691-8557-700293D825A6}"
EndProject
Project("{9A19103F-16F7-4668-BE54-9A1E7A4F7556}") = "SistemaVenta.IOC", "SistemaVenta.IOC\SistemaVenta.IOC.csproj", "{0964C172-9E88-4026-AEA3-646A5985CF18}"
EndProject
Project("{9A19103F-16F7-4668-BE54-9A1E7A4F7556}") = "SistemaVenta.AplicacionWeb", "SistemaVenta.AplicacionWeb\SistemaVenta.AplicacionWeb.csproj", "{74228C20-094E-4561-BD7F-C6779D45A723}"
EndProject
Global
	GlobalSection(SolutionConfigurationPlatforms) = preSolution
		Debug|Any CPU = Debug|Any CPU
		Release|Any CPU = Release|Any CPU
	EndGlobalSection
	GlobalSection(ProjectConfigurationPlatforms) = postSolution
		{251DB2EA-8BA2-47A0-AFD8-BE29EDEB2C6F}.Debug|Any CPU.ActiveCfg = Debug|Any CPU
		{251DB2EA-8BA2-47A0-AFD8-BE29EDEB2C6F}.Debug|Any CPU.Build.0 = Debug|Any CPU
		{251DB2EA-8BA2-47A0-AFD8-BE29EDEB2C6F}.Release|Any CPU.ActiveCfg = Release|Any CPU
		{251DB2EA-8BA2-47A0-AFD8-BE29EDEB2C6F}.Release|Any CPU.Build.0 = Release|Any CPU
		{AC5A8392-5FB5-44C1-B843-C2F59A36DF46}.Debug|Any CPU.ActiveCfg = Debug|Any CPU
		{AC5A8392-5FB5-44C1-B843-C2F59A36DF46}.Debug|Any CPU.Build.0 = Debug|Any CPU
		{AC5A8392-5FB5-44C1-B843-C2F59A36DF46}.Release|Any CPU.ActiveCfg = Release|Any CPU
		{AC5A8392-5FB5-44C1-B843-C2F59A36DF46}.Release|Any CPU.Build.0 = Release|Any CPU
		{EF65784B-348A-4691-8557-700293D825A6}.Debug|Any CPU.ActiveCfg = Debug|Any CPU
		{EF65784B-348A-4691-8557-700293D825A6}.Debug|Any CPU.Build.0 = Debug|Any CPU
		{EF65784B-348A-4691-8557-700293D825A6}.Release|Any CPU.ActiveCfg = Release|Any CPU
		{EF65784B-348A-4691-8557-700293D825A6}.Release|Any CPU.Build.0 = Release|Any CPU
		{0964C172-9E88-4026-AEA3-646A5985CF18}.Debug|Any CPU.ActiveCfg = Debug|Any CPU
		{0964C172-9E88-4026-AEA3-646A5985CF18}.Debug|Any CPU.Build.0 = Debug|Any CPU
		{0964C172-9E88-4026-AEA3-646A5985CF18}.Release|Any CPU.ActiveCfg = Release|Any CPU
		{0964C172-9E88-4026-AEA3-646A5985CF18}.Release|Any CPU.Build.0 = Release|Any CPU
		{74228C20-094E-4561-BD7F-C6779D45A723}.Debug|Any CPU.ActiveCfg = Debug|Any CPU
		{74228C20-094E-4561-BD7F-C6779D45A723}.Debug|Any CPU.Build.0 = Debug|Any CPU
		{74228C20-094E-4561-BD7F-C6779D45A723}.Release|Any CPU.ActiveCfg = Release|Any CPU
		{74228C20-094E-4561-BD7F-C6779D45A723}.Release|Any CPU.Build.0 = Release|Any CPU
	EndGlobalSection
	GlobalSection(SolutionProperties) = preSolution
		HideSolutionNode = FALSE
	EndGlobalSection
	GlobalSection(ExtensibilityGlobals) = postSolution
		SolutionGuid = {C9310EC7-B67C-4804-8792-C7BBA1A4F5A5}
	EndGlobalSection
EndGlobal
